{
    "name": "iota",
    "lockfileVersion": 2,
    "requires": true,
    "packages": {
        "": {
            "dependencies": {
                "highlight.js": "^11.3.1",
                "katex": "^0.15.1",
                "marked": "^4.0.3",
                "subset-font": "^2.0.0"
            }
        },
        "node_modules/argparse": {
            "version": "2.0.1",
            "resolved": "https://registry.npmjs.org/argparse/-/argparse-2.0.1.tgz",
            "integrity": "sha512-8+9WqebbFzpX9OR+Wa6O29asIogeRMzcGtAINdpMHHyAg10f05aSFVBbcEqGf/PXw1EjAZ+q2/bEBg3DvurK3Q=="
        },
        "node_modules/commander": {
            "version": "8.3.0",
            "resolved": "https://registry.npmjs.org/commander/-/commander-8.3.0.tgz",
            "integrity": "sha512-OkTL9umf+He2DZkUq8f8J9of7yL6RJKI24dVITBmNfZBmri9zYZQrKkuXiKhyfPSu8tUhnVBB1iKXevvnlR4Ww==",
            "engines": {
                "node": ">= 12"
            }
        },
        "node_modules/fontverter": {
            "version": "2.0.0",
            "resolved": "https://registry.npmjs.org/fontverter/-/fontverter-2.0.0.tgz",
            "integrity": "sha512-DFVX5hvXuhi1Jven1tbpebYTCT9XYnvx6/Z+HFUPb7ZRMCW+pj2clU9VMhoTPgWKPhAs7JJDSk3CW1jNUvKCZQ==",
            "dependencies": {
                "wawoff2": "^2.0.0",
                "woff2sfnt-sfnt2woff": "^1.0.0"
            }
        },
        "node_modules/harfbuzzjs": {
            "version": "0.3.1",
            "resolved": "https://registry.npmjs.org/harfbuzzjs/-/harfbuzzjs-0.3.1.tgz",
            "integrity": "sha512-ut4BzDi4AmrKukuv2NqSqShgGHBUaJu9euswkwUR3GyebDSiPXybLJJyJS4Daakx2UWpPuZ7afXJZaje61Actw=="
        },
        "node_modules/highlight.js": {
            "version": "11.5.1",
            "resolved": "https://registry.npmjs.org/highlight.js/-/highlight.js-11.5.1.tgz",
            "integrity": "sha512-LKzHqnxr4CrD2YsNoIf/o5nJ09j4yi/GcH5BnYz9UnVpZdS4ucMgvP61TDty5xJcFGRjnH4DpujkS9bHT3hq0Q==",
            "engines": {
                "node": ">=12.0.0"
            }
        },
        "node_modules/katex": {
            "version": "0.15.6",
            "resolved": "https://registry.npmjs.org/katex/-/katex-0.15.6.tgz",
            "integrity": "sha512-UpzJy4yrnqnhXvRPhjEuLA4lcPn6eRngixW7Q3TJErjg3Aw2PuLFBzTkdUb89UtumxjhHTqL3a5GDGETMSwgJA==",
            "funding": [
                "https://opencollective.com/katex",
                "https://github.com/sponsors/katex"
            ],
            "dependencies": {
                "commander": "^8.0.0"
            },
            "bin": {
                "katex": "cli.js"
            }
        },
        "node_modules/lodash": {
            "version": "4.17.21",
            "resolved": "https://registry.npmjs.org/lodash/-/lodash-4.17.21.tgz",
            "integrity": "sha512-v2kDEe57lecTulaDIuNTPy3Ry4gLGJ6Z1O3vE1krgXZNrsQ+LFTGHVxVjcXPs17LhbZVGedAJv8XZ1tvj5FvSg=="
        },
        "node_modules/marked": {
            "version": "4.0.17",
            "resolved": "https://registry.npmjs.org/marked/-/marked-4.0.17.tgz",
            "integrity": "sha512-Wfk0ATOK5iPxM4ptrORkFemqroz0ZDxp5MWfYA7H/F+wO17NRWV5Ypxi6p3g2Xmw2bKeiYOl6oVnLHKxBA0VhA==",
            "bin": {
                "marked": "bin/marked.js"
            },
            "engines": {
                "node": ">= 12"
            }
        },
        "node_modules/p-limit": {
            "version": "3.1.0",
            "resolved": "https://registry.npmjs.org/p-limit/-/p-limit-3.1.0.tgz",
            "integrity": "sha512-TYOanM3wGwNGsZN2cVTYPArw454xnXj5qmWF1bEoAc4+cU/ol7GVh7odevjp1FNHduHc3KZMcFduxU5Xc6uJRQ==",
            "dependencies": {
                "yocto-queue": "^0.1.0"
            },
            "engines": {
                "node": ">=10"
            },
            "funding": {
                "url": "https://github.com/sponsors/sindresorhus"
            }
        },
        "node_modules/pako": {
            "version": "1.0.11",
            "resolved": "https://registry.npmjs.org/pako/-/pako-1.0.11.tgz",
            "integrity": "sha512-4hLB8Py4zZce5s4yd9XzopqwVv/yGNhV1Bl8NTmCq1763HeK2+EwVTv+leGeL13Dnh2wfbqowVPXCIO0z4taYw=="
        },
        "node_modules/subset-font": {
            "version": "2.0.0",
            "resolved": "https://registry.npmjs.org/subset-font/-/subset-font-2.0.0.tgz",
            "integrity": "sha512-jRvxHrLz5an/F2kg335EM2yFXY12gSQ5ZibJ7K1lxawpPOLoENuuKgyhY7aszScy63eyYSzbVUBDKTYMupVq9A==",
            "dependencies": {
                "fontverter": "^2.0.0",
                "harfbuzzjs": "^0.3.1",
                "lodash": "^4.17.21",
                "p-limit": "^3.1.0"
            }
        },
        "node_modules/wawoff2": {
            "version": "2.0.1",
            "resolved": "https://registry.npmjs.org/wawoff2/-/wawoff2-2.0.1.tgz",
            "integrity": "sha512-r0CEmvpH63r4T15ebFqeOjGqU4+EgTx4I510NtK35EMciSdcTxCw3Byy3JnBonz7iyIFZ0AbVo0bbFpEVuhCYA==",
            "dependencies": {
                "argparse": "^2.0.1"
            },
            "bin": {
                "woff2_compress.js": "bin/woff2_compress.js",
                "woff2_decompress.js": "bin/woff2_decompress.js"
            }
        },
        "node_modules/woff2sfnt-sfnt2woff": {
            "version": "1.0.0",
            "resolved": "https://registry.npmjs.org/woff2sfnt-sfnt2woff/-/woff2sfnt-sfnt2woff-1.0.0.tgz",
            "integrity": "sha512-edK4COc1c1EpRfMqCZO1xJOvdUtM5dbVb9iz97rScvnTevqEB3GllnLWCmMVp1MfQBdF1DFg/11I0rSyAdS4qQ==",
            "dependencies": {
                "pako": "^1.0.7"
            }
        },
        "node_modules/yocto-queue": {
            "version": "0.1.0",
            "resolved": "https://registry.npmjs.org/yocto-queue/-/yocto-queue-0.1.0.tgz",
            "integrity": "sha512-rVksvsnNCdJ/ohGc6xgPwyN8eheCxsiLM8mxuE/t/mOVqJewPuO1miLpTHQiRgTKCLexL4MeAFVagts7HmNZ2Q==",
            "engines": {
                "node": ">=10"
            },
            "funding": {
                "url": "https://github.com/sponsors/sindresorhus"
            }
        }
    },
    "dependencies": {
        "argparse": {
            "version": "2.0.1",
            "resolved": "https://registry.npmjs.org/argparse/-/argparse-2.0.1.tgz",
            "integrity": "sha512-8+9WqebbFzpX9OR+Wa6O29asIogeRMzcGtAINdpMHHyAg10f05aSFVBbcEqGf/PXw1EjAZ+q2/bEBg3DvurK3Q=="
        },
        "commander": {
            "version": "8.3.0",
            "resolved": "https://registry.npmjs.org/commander/-/commander-8.3.0.tgz",
            "integrity": "sha512-OkTL9umf+He2DZkUq8f8J9of7yL6RJKI24dVITBmNfZBmri9zYZQrKkuXiKhyfPSu8tUhnVBB1iKXevvnlR4Ww=="
        },
        "fontverter": {
            "version": "2.0.0",
            "resolved": "https://registry.npmjs.org/fontverter/-/fontverter-2.0.0.tgz",
            "integrity": "sha512-DFVX5hvXuhi1Jven1tbpebYTCT9XYnvx6/Z+HFUPb7ZRMCW+pj2clU9VMhoTPgWKPhAs7JJDSk3CW1jNUvKCZQ==",
            "requires": {
                "wawoff2": "^2.0.0",
                "woff2sfnt-sfnt2woff": "^1.0.0"
            }
        },
        "harfbuzzjs": {
            "version": "0.3.1",
            "resolved": "https://registry.npmjs.org/harfbuzzjs/-/harfbuzzjs-0.3.1.tgz",
            "integrity": "sha512-ut4BzDi4AmrKukuv2NqSqShgGHBUaJu9euswkwUR3GyebDSiPXybLJJyJS4Daakx2UWpPuZ7afXJZaje61Actw=="
        },
        "highlight.js": {
            "version": "11.5.1",
            "resolved": "https://registry.npmjs.org/highlight.js/-/highlight.js-11.5.1.tgz",
            "integrity": "sha512-LKzHqnxr4CrD2YsNoIf/o5nJ09j4yi/GcH5BnYz9UnVpZdS4ucMgvP61TDty5xJcFGRjnH4DpujkS9bHT3hq0Q=="
        },
        "katex": {
            "version": "0.15.6",
            "resolved": "https://registry.npmjs.org/katex/-/katex-0.15.6.tgz",
            "integrity": "sha512-UpzJy4yrnqnhXvRPhjEuLA4lcPn6eRngixW7Q3TJErjg3Aw2PuLFBzTkdUb89UtumxjhHTqL3a5GDGETMSwgJA==",
            "requires": {
                "commander": "^8.0.0"
            }
        },
        "lodash": {
            "version": "4.17.21",
            "resolved": "https://registry.npmjs.org/lodash/-/lodash-4.17.21.tgz",
            "integrity": "sha512-v2kDEe57lecTulaDIuNTPy3Ry4gLGJ6Z1O3vE1krgXZNrsQ+LFTGHVxVjcXPs17LhbZVGedAJv8XZ1tvj5FvSg=="
        },
        "marked": {
            "version": "4.0.17",
            "resolved": "https://registry.npmjs.org/marked/-/marked-4.0.17.tgz",
            "integrity": "sha512-Wfk0ATOK5iPxM4ptrORkFemqroz0ZDxp5MWfYA7H/F+wO17NRWV5Ypxi6p3g2Xmw2bKeiYOl6oVnLHKxBA0VhA=="
        },
        "p-limit": {
            "version": "3.1.0",
            "resolved": "https://registry.npmjs.org/p-limit/-/p-limit-3.1.0.tgz",
            "integrity": "sha512-TYOanM3wGwNGsZN2cVTYPArw454xnXj5qmWF1bEoAc4+cU/ol7GVh7odevjp1FNHduHc3KZMcFduxU5Xc6uJRQ==",
            "requires": {
                "yocto-queue": "^0.1.0"
            }
        },
        "pako": {
            "version": "1.0.11",
            "resolved": "https://registry.npmjs.org/pako/-/pako-1.0.11.tgz",
            "integrity": "sha512-4hLB8Py4zZce5s4yd9XzopqwVv/yGNhV1Bl8NTmCq1763HeK2+EwVTv+leGeL13Dnh2wfbqowVPXCIO0z4taYw=="
        },
        "subset-font": {
            "version": "2.0.0",
            "resolved": "https://registry.npmjs.org/subset-font/-/subset-font-2.0.0.tgz",
            "integrity": "sha512-jRvxHrLz5an/F2kg335EM2yFXY12gSQ5ZibJ7K1lxawpPOLoENuuKgyhY7aszScy63eyYSzbVUBDKTYMupVq9A==",
            "requires": {
                "fontverter": "^2.0.0",
                "harfbuzzjs": "^0.3.1",
                "lodash": "^4.17.21",
                "p-limit": "^3.1.0"
            }
        },
        "wawoff2": {
            "version": "2.0.1",
            "resolved": "https://registry.npmjs.org/wawoff2/-/wawoff2-2.0.1.tgz",
            "integrity": "sha512-r0CEmvpH63r4T15ebFqeOjGqU4+EgTx4I510NtK35EMciSdcTxCw3Byy3JnBonz7iyIFZ0AbVo0bbFpEVuhCYA==",
            "requires": {
                "argparse": "^2.0.1"
            }
        },
        "woff2sfnt-sfnt2woff": {
            "version": "1.0.0",
            "resolved": "https://registry.npmjs.org/woff2sfnt-sfnt2woff/-/woff2sfnt-sfnt2woff-1.0.0.tgz",
            "integrity": "sha512-edK4COc1c1EpRfMqCZO1xJOvdUtM5dbVb9iz97rScvnTevqEB3GllnLWCmMVp1MfQBdF1DFg/11I0rSyAdS4qQ==",
            "requires": {
                "pako": "^1.0.7"
            }
        },
        "yocto-queue": {
            "version": "0.1.0",
            "resolved": "https://registry.npmjs.org/yocto-queue/-/yocto-queue-0.1.0.tgz",
            "integrity": "sha512-rVksvsnNCdJ/ohGc6xgPwyN8eheCxsiLM8mxuE/t/mOVqJewPuO1miLpTHQiRgTKCLexL4MeAFVagts7HmNZ2Q=="
        }
    }
}
